{
  "name": "esbuild-exports-signature",
  "lockfileVersion": 2,
  "requires": true,
  "packages": {
    "": {
      "dependencies": {
        "esbuild": "^0.8.36",
        "preact": "^10.5.12"
      }
    },
    "node_modules/esbuild": {
      "version": "0.8.36",
      "resolved": "https://registry.npmjs.org/esbuild/-/esbuild-0.8.36.tgz",
      "integrity": "sha512-kcUQB61Tf8rLJ3mOwP2ruWi/iFufaQcEs4No+JA6e7W2kMOtFExOsbyeFpEF6zNacwk2RF5fYUz5jfZwgn/SJg==",
      "hasInstallScript": true,
      "bin": {
        "esbuild": "bin/esbuild"
      }
    },
    "node_modules/preact": {
      "version": "10.5.12",
      "resolved": "https://registry.npmjs.org/preact/-/preact-10.5.12.tgz",
      "integrity": "sha512-r6siDkuD36oszwlCkcqDJCAKBQxGoeEGytw2DGMD5A/GGdu5Tymw+N2OBXwvOLxg6d1FeY8MgMV3cc5aVQo4Cg==",
      "funding": {
        "type": "opencollective",
        "url": "https://opencollective.com/preact"
      }
    }
  },
  "dependencies": {
    "esbuild": {
      "version": "0.8.36",
      "resolved": "https://registry.npmjs.org/esbuild/-/esbuild-0.8.36.tgz",
      "integrity": "sha512-kcUQB61Tf8rLJ3mOwP2ruWi/iFufaQcEs4No+JA6e7W2kMOtFExOsbyeFpEF6zNacwk2RF5fYUz5jfZwgn/SJg=="
    },
    "preact": {
      "version": "10.5.12",
      "resolved": "https://registry.npmjs.org/preact/-/preact-10.5.12.tgz",
      "integrity": "sha512-r6siDkuD36oszwlCkcqDJCAKBQxGoeEGytw2DGMD5A/GGdu5Tymw+N2OBXwvOLxg6d1FeY8MgMV3cc5aVQo4Cg=="
    }
  }
}
